// !$*UTF8*$!
{
	archiveVersion = 1;
	classes = {
	};
	objectVersion = 51;
	objects = {

/* Begin PBXBuildFile section */
		2DF5CC857FCDF363AFDFE318 /* Pods_CheckMate.framework in Frameworks */ = {isa = PBXBuildFile; fileRef = 36CB3E61B0F8AF816661F3D1 /* Pods_CheckMate.framework */; };
		A5348B332553B07700ACD3B0 /* GoogleService-Info.plist in Resources */ = {isa = PBXBuildFile; fileRef = A5348B322553B07700ACD3B0 /* GoogleService-Info.plist */; };
		A56894362562B49500F294BC /* savingAsynchronously .swift in Sources */ = {isa = PBXBuildFile; fileRef = A56894352562B49500F294BC /* savingAsynchronously .swift */; };
		A56894392562B4A600F294BC /* loadingAsynchronously .swift in Sources */ = {isa = PBXBuildFile; fileRef = A56894382562B4A600F294BC /* loadingAsynchronously .swift */; };
		A59B4A7A25544FF900DF848E /* Extentions.swift in Sources */ = {isa = PBXBuildFile; fileRef = A59B4A7925544FF900DF848E /* Extentions.swift */; };
		A5DD4EE22551734A00D5FD2D /* AppDelegate.swift in Sources */ = {isa = PBXBuildFile; fileRef = A5DD4EE12551734A00D5FD2D /* AppDelegate.swift */; };
		A5DD4EE42551734A00D5FD2D /* SceneDelegate.swift in Sources */ = {isa = PBXBuildFile; fileRef = A5DD4EE32551734A00D5FD2D /* SceneDelegate.swift */; };
		A5DD4EE92551734A00D5FD2D /* Main.storyboard in Resources */ = {isa = PBXBuildFile; fileRef = A5DD4EE72551734A00D5FD2D /* Main.storyboard */; };
		A5DD4EEB2551734C00D5FD2D /* Assets.xcassets in Resources */ = {isa = PBXBuildFile; fileRef = A5DD4EEA2551734C00D5FD2D /* Assets.xcassets */; };
		A5DD4EEE2551734C00D5FD2D /* LaunchScreen.storyboard in Resources */ = {isa = PBXBuildFile; fileRef = A5DD4EEC2551734C00D5FD2D /* LaunchScreen.storyboard */; };
		A5DD4EF82551764C00D5FD2D /* ToDoListTableVC.swift in Sources */ = {isa = PBXBuildFile; fileRef = A5DD4EF72551764C00D5FD2D /* ToDoListTableVC.swift */; };
		A5DD4EFB255176C500D5FD2D /* ToDoList.swift in Sources */ = {isa = PBXBuildFile; fileRef = A5DD4EFA255176C500D5FD2D /* ToDoList.swift */; };
		A5DD4EFE2551783700D5FD2D /* ToDolistCell.swift in Sources */ = {isa = PBXBuildFile; fileRef = A5DD4EFD2551783700D5FD2D /* ToDolistCell.swift */; };
		A5DD4F0225517F5F00D5FD2D /* TaskDetailsViewController.swift in Sources */ = {isa = PBXBuildFile; fileRef = A5DD4F0125517F5F00D5FD2D /* TaskDetailsViewController.swift */; };
		A5EF7D70255461CF00575D73 /* TaskService.swift in Sources */ = {isa = PBXBuildFile; fileRef = A5EF7D6F255461CF00575D73 /* TaskService.swift */; };
		A5EF7D772554624B00575D73 /* Constants.swift in Sources */ = {isa = PBXBuildFile; fileRef = A5EF7D762554624B00575D73 /* Constants.swift */; };
/* End PBXBuildFile section */

/* Begin PBXFileReference section */
		0C62E4FA3F2CFCF166244891 /* Pods-CheckMate.debug.xcconfig */ = {isa = PBXFileReference; includeInIndex = 1; lastKnownFileType = text.xcconfig; name = "Pods-CheckMate.debug.xcconfig"; path = "Target Support Files/Pods-CheckMate/Pods-CheckMate.debug.xcconfig"; sourceTree = "<group>"; };
		36CB3E61B0F8AF816661F3D1 /* Pods_CheckMate.framework */ = {isa = PBXFileReference; explicitFileType = wrapper.framework; includeInIndex = 0; path = Pods_CheckMate.framework; sourceTree = BUILT_PRODUCTS_DIR; };
		4C9C799BA3AE71B058E0F3C6 /* Pods-toDoListApp.debug.xcconfig */ = {isa = PBXFileReference; includeInIndex = 1; lastKnownFileType = text.xcconfig; name = "Pods-toDoListApp.debug.xcconfig"; path = "Target Support Files/Pods-toDoListApp/Pods-toDoListApp.debug.xcconfig"; sourceTree = "<group>"; };
		604FCF48D46D4B954B42493A /* Pods-CheckMate.release.xcconfig */ = {isa = PBXFileReference; includeInIndex = 1; lastKnownFileType = text.xcconfig; name = "Pods-CheckMate.release.xcconfig"; path = "Target Support Files/Pods-CheckMate/Pods-CheckMate.release.xcconfig"; sourceTree = "<group>"; };
		A5348B322553B07700ACD3B0 /* GoogleService-Info.plist */ = {isa = PBXFileReference; fileEncoding = 4; lastKnownFileType = text.plist.xml; path = "GoogleService-Info.plist"; sourceTree = "<group>"; };
		A56894352562B49500F294BC /* savingAsynchronously .swift */ = {isa = PBXFileReference; lastKnownFileType = sourcecode.swift; path = "savingAsynchronously .swift"; sourceTree = "<group>"; };
		A56894382562B4A600F294BC /* loadingAsynchronously .swift */ = {isa = PBXFileReference; lastKnownFileType = sourcecode.swift; path = "loadingAsynchronously .swift"; sourceTree = "<group>"; };
		A59B4A7925544FF900DF848E /* Extentions.swift */ = {isa = PBXFileReference; lastKnownFileType = sourcecode.swift; path = Extentions.swift; sourceTree = "<group>"; };
		A5DD4EDE2551734A00D5FD2D /* CheckMate.app */ = {isa = PBXFileReference; explicitFileType = wrapper.application; includeInIndex = 0; path = CheckMate.app; sourceTree = BUILT_PRODUCTS_DIR; };
		A5DD4EE12551734A00D5FD2D /* AppDelegate.swift */ = {isa = PBXFileReference; lastKnownFileType = sourcecode.swift; path = AppDelegate.swift; sourceTree = "<group>"; };
		A5DD4EE32551734A00D5FD2D /* SceneDelegate.swift */ = {isa = PBXFileReference; lastKnownFileType = sourcecode.swift; path = SceneDelegate.swift; sourceTree = "<group>"; };
		A5DD4EE82551734A00D5FD2D /* Base */ = {isa = PBXFileReference; lastKnownFileType = file.storyboard; name = Base; path = Base.lproj/Main.storyboard; sourceTree = "<group>"; };
		A5DD4EEA2551734C00D5FD2D /* Assets.xcassets */ = {isa = PBXFileReference; lastKnownFileType = folder.assetcatalog; path = Assets.xcassets; sourceTree = "<group>"; };
		A5DD4EED2551734C00D5FD2D /* Base */ = {isa = PBXFileReference; lastKnownFileType = file.storyboard; name = Base; path = Base.lproj/LaunchScreen.storyboard; sourceTree = "<group>"; };
		A5DD4EEF2551734C00D5FD2D /* Info.plist */ = {isa = PBXFileReference; lastKnownFileType = text.plist.xml; path = Info.plist; sourceTree = "<group>"; };
		A5DD4EF72551764C00D5FD2D /* ToDoListTableVC.swift */ = {isa = PBXFileReference; lastKnownFileType = sourcecode.swift; path = ToDoListTableVC.swift; sourceTree = "<group>"; };
		A5DD4EFA255176C500D5FD2D /* ToDoList.swift */ = {isa = PBXFileReference; lastKnownFileType = sourcecode.swift; path = ToDoList.swift; sourceTree = "<group>"; };
		A5DD4EFD2551783700D5FD2D /* ToDolistCell.swift */ = {isa = PBXFileReference; lastKnownFileType = sourcecode.swift; path = ToDolistCell.swift; sourceTree = "<group>"; };
		A5DD4F0125517F5F00D5FD2D /* TaskDetailsViewController.swift */ = {isa = PBXFileReference; lastKnownFileType = sourcecode.swift; path = TaskDetailsViewController.swift; sourceTree = "<group>"; };
		A5EF7D6F255461CF00575D73 /* TaskService.swift */ = {isa = PBXFileReference; fileEncoding = 4; lastKnownFileType = sourcecode.swift; path = TaskService.swift; sourceTree = "<group>"; };
		A5EF7D762554624B00575D73 /* Constants.swift */ = {isa = PBXFileReference; fileEncoding = 4; lastKnownFileType = sourcecode.swift; path = Constants.swift; sourceTree = "<group>"; };
		EB83068623602B9D35ACF449 /* Pods-toDoListApp.release.xcconfig */ = {isa = PBXFileReference; includeInIndex = 1; lastKnownFileType = text.xcconfig; name = "Pods-toDoListApp.release.xcconfig"; path = "Target Support Files/Pods-toDoListApp/Pods-toDoListApp.release.xcconfig"; sourceTree = "<group>"; };
/* End PBXFileReference section */

/* Begin PBXFrameworksBuildPhase section */
		A5DD4EDB2551734A00D5FD2D /* Frameworks */ = {
			isa = PBXFrameworksBuildPhase;
			buildActionMask = 2147483647;
			files = (
				2DF5CC857FCDF363AFDFE318 /* Pods_CheckMate.framework in Frameworks */,
			);
			runOnlyForDeploymentPostprocessing = 0;
		};
/* End PBXFrameworksBuildPhase section */

/* Begin PBXGroup section */
		59FBB3C5A260985129FED8C8 /* Frameworks */ = {
			isa = PBXGroup;
			children = (
				36CB3E61B0F8AF816661F3D1 /* Pods_CheckMate.framework */,
			);
			name = Frameworks;
			sourceTree = "<group>";
		};
		A59B4A7825544FDC00DF848E /* Utils */ = {
			isa = PBXGroup;
			children = (
				A59B4A7925544FF900DF848E /* Extentions.swift */,
			);
			path = Utils;
			sourceTree = "<group>";
		};
		A5DD4ED52551734A00D5FD2D = {
			isa = PBXGroup;
			children = (
				A5DD4EE02551734A00D5FD2D /* CheckMate */,
				A5DD4EDF2551734A00D5FD2D /* Products */,
				B10302254410FD022642C40C /* Pods */,
				59FBB3C5A260985129FED8C8 /* Frameworks */,
			);
			sourceTree = "<group>";
		};
		A5DD4EDF2551734A00D5FD2D /* Products */ = {
			isa = PBXGroup;
			children = (
				A5DD4EDE2551734A00D5FD2D /* CheckMate.app */,
			);
			name = Products;
			sourceTree = "<group>";
		};
		A5DD4EE02551734A00D5FD2D /* CheckMate */ = {
			isa = PBXGroup;
			children = (
				A5DD4EE12551734A00D5FD2D /* AppDelegate.swift */,
				A5DD4EE32551734A00D5FD2D /* SceneDelegate.swift */,
				A5DD4EE72551734A00D5FD2D /* Main.storyboard */,
				A59B4A7825544FDC00DF848E /* Utils */,
				A5EC17082551C5AB008F4476 /* Model */,
				A5EC16F42551C56E008F4476 /* Controllers */,
				A5EC16F32551C531008F4476 /* TableView+Cell */,
				A5EF7D6E255461C200575D73 /* API */,
				A5DD4EEA2551734C00D5FD2D /* Assets.xcassets */,
				A5DD4EEC2551734C00D5FD2D /* LaunchScreen.storyboard */,
				A5348B322553B07700ACD3B0 /* GoogleService-Info.plist */,
				A5DD4EEF2551734C00D5FD2D /* Info.plist */,
			);
			path = CheckMate;
			sourceTree = "<group>";
		};
		A5EC16F32551C531008F4476 /* TableView+Cell */ = {
			isa = PBXGroup;
			children = (
				A5DD4EF72551764C00D5FD2D /* ToDoListTableVC.swift */,
				A5DD4EFD2551783700D5FD2D /* ToDolistCell.swift */,
			);
			path = "TableView+Cell";
			sourceTree = "<group>";
		};
		A5EC16F42551C56E008F4476 /* Controllers */ = {
			isa = PBXGroup;
			children = (
				A5DD4F0125517F5F00D5FD2D /* TaskDetailsViewController.swift */,
			);
			path = Controllers;
			sourceTree = "<group>";
		};
		A5EC17082551C5AB008F4476 /* Model */ = {
			isa = PBXGroup;
			children = (
				A5DD4EFA255176C500D5FD2D /* ToDoList.swift */,
			);
			path = Model;
			sourceTree = "<group>";
		};
		A5EF7D6E255461C200575D73 /* API */ = {
			isa = PBXGroup;
			children = (
				A5EF7D6F255461CF00575D73 /* TaskService.swift */,
				A5EF7D762554624B00575D73 /* Constants.swift */,
				A56894352562B49500F294BC /* savingAsynchronously .swift */,
				A56894382562B4A600F294BC /* loadingAsynchronously .swift */,
			);
			path = API;
			sourceTree = "<group>";
		};
		B10302254410FD022642C40C /* Pods */ = {
			isa = PBXGroup;
			children = (
				4C9C799BA3AE71B058E0F3C6 /* Pods-toDoListApp.debug.xcconfig */,
				EB83068623602B9D35ACF449 /* Pods-toDoListApp.release.xcconfig */,
				0C62E4FA3F2CFCF166244891 /* Pods-CheckMate.debug.xcconfig */,
				604FCF48D46D4B954B42493A /* Pods-CheckMate.release.xcconfig */,
			);
			path = Pods;
			sourceTree = "<group>";
		};
/* End PBXGroup section */

/* Begin PBXNativeTarget section */
		A5DD4EDD2551734A00D5FD2D /* CheckMate */ = {
			isa = PBXNativeTarget;
			buildConfigurationList = A5DD4EF22551734C00D5FD2D /* Build configuration list for PBXNativeTarget "CheckMate" */;
			buildPhases = (
				FE614F96134F4C7A8EFDF467 /* [CP] Check Pods Manifest.lock */,
				A5DD4EDA2551734A00D5FD2D /* Sources */,
				A5DD4EDB2551734A00D5FD2D /* Frameworks */,
				A5DD4EDC2551734A00D5FD2D /* Resources */,
				C5CC37BE582674D62BE425FA /* [CP] Embed Pods Frameworks */,
			);
			buildRules = (
			);
			dependencies = (
			);
			name = CheckMate;
			productName = toDoListApp;
			productReference = A5DD4EDE2551734A00D5FD2D /* CheckMate.app */;
			productType = "com.apple.product-type.application";
		};
/* End PBXNativeTarget section */

/* Begin PBXProject section */
		A5DD4ED62551734A00D5FD2D /* Project object */ = {
			isa = PBXProject;
			attributes = {
				LastSwiftUpdateCheck = 1200;
				LastUpgradeCheck = 1200;
				TargetAttributes = {
					A5DD4EDD2551734A00D5FD2D = {
						CreatedOnToolsVersion = 12.0.1;
					};
				};
			};
			buildConfigurationList = A5DD4ED92551734A00D5FD2D /* Build configuration list for PBXProject "CheckMate" */;
			compatibilityVersion = "Xcode 9.3";
			developmentRegion = en;
			hasScannedForEncodings = 0;
			knownRegions = (
				en,
				Base,
			);
			mainGroup = A5DD4ED52551734A00D5FD2D;
			productRefGroup = A5DD4EDF2551734A00D5FD2D /* Products */;
			projectDirPath = "";
			projectRoot = "";
			targets = (
				A5DD4EDD2551734A00D5FD2D /* CheckMate */,
			);
		};
/* End PBXProject section */

/* Begin PBXResourcesBuildPhase section */
		A5DD4EDC2551734A00D5FD2D /* Resources */ = {
			isa = PBXResourcesBuildPhase;
			buildActionMask = 2147483647;
			files = (
				A5DD4EEE2551734C00D5FD2D /* LaunchScreen.storyboard in Resources */,
				A5348B332553B07700ACD3B0 /* GoogleService-Info.plist in Resources */,
				A5DD4EEB2551734C00D5FD2D /* Assets.xcassets in Resources */,
				A5DD4EE92551734A00D5FD2D /* Main.storyboard in Resources */,
			);
			runOnlyForDeploymentPostprocessing = 0;
		};
/* End PBXResourcesBuildPhase section */

/* Begin PBXShellScriptBuildPhase section */
		C5CC37BE582674D62BE425FA /* [CP] Embed Pods Frameworks */ = {
			isa = PBXShellScriptBuildPhase;
			buildActionMask = 2147483647;
			files = (
			);
			inputFileListPaths = (
				"${PODS_ROOT}/Target Support Files/Pods-CheckMate/Pods-CheckMate-frameworks-${CONFIGURATION}-input-files.xcfilelist",
			);
			name = "[CP] Embed Pods Frameworks";
			outputFileListPaths = (
				"${PODS_ROOT}/Target Support Files/Pods-CheckMate/Pods-CheckMate-frameworks-${CONFIGURATION}-output-files.xcfilelist",
			);
			runOnlyForDeploymentPostprocessing = 0;
			shellPath = /bin/sh;
			shellScript = "\"${PODS_ROOT}/Target Support Files/Pods-CheckMate/Pods-CheckMate-frameworks.sh\"\n";
			showEnvVarsInLog = 0;
		};
		FE614F96134F4C7A8EFDF467 /* [CP] Check Pods Manifest.lock */ = {
			isa = PBXShellScriptBuildPhase;
			buildActionMask = 2147483647;
			files = (
			);
			inputFileListPaths = (
			);
			inputPaths = (
				"${PODS_PODFILE_DIR_PATH}/Podfile.lock",
				"${PODS_ROOT}/Manifest.lock",
			);
			name = "[CP] Check Pods Manifest.lock";
			outputFileListPaths = (
			);
			outputPaths = (
				"$(DERIVED_FILE_DIR)/Pods-CheckMate-checkManifestLockResult.txt",
			);
			runOnlyForDeploymentPostprocessing = 0;
			shellPath = /bin/sh;
			shellScript = "diff \"${PODS_PODFILE_DIR_PATH}/Podfile.lock\" \"${PODS_ROOT}/Manifest.lock\" > /dev/null\nif [ $? != 0 ] ; then\n    # print error to STDERR\n    echo \"error: The sandbox is not in sync with the Podfile.lock. Run 'pod install' or update your CocoaPods installation.\" >&2\n    exit 1\nfi\n# This output is used by Xcode 'outputs' to avoid re-running this script phase.\necho \"SUCCESS\" > \"${SCRIPT_OUTPUT_FILE_0}\"\n";
			showEnvVarsInLog = 0;
		};
/* End PBXShellScriptBuildPhase section */

/* Begin PBXSourcesBuildPhase section */
		A5DD4EDA2551734A00D5FD2D /* Sources */ = {
			isa = PBXSourcesBuildPhase;
			buildActionMask = 2147483647;
			files = (
				A5DD4EE22551734A00D5FD2D /* AppDelegate.swift in Sources */,
				A56894362562B49500F294BC /* savingAsynchronously .swift in Sources */,
				A5DD4EFB255176C500D5FD2D /* ToDoList.swift in Sources */,
				A5DD4EE42551734A00D5FD2D /* SceneDelegate.swift in Sources */,
				A56894392562B4A600F294BC /* loadingAsynchronously .swift in Sources */,
				A5DD4EF82551764C00D5FD2D /* ToDoListTableVC.swift in Sources */,
				A5DD4F0225517F5F00D5FD2D /* TaskDetailsViewController.swift in Sources */,
				A5DD4EFE2551783700D5FD2D /* ToDolistCell.swift in Sources */,
				A59B4A7A25544FF900DF848E /* Extentions.swift in Sources */,
				A5EF7D70255461CF00575D73 /* TaskService.swift in Sources */,
				A5EF7D772554624B00575D73 /* Constants.swift in Sources */,
			);
			runOnlyForDeploymentPostprocessing = 0;
		};
/* End PBXSourcesBuildPhase section */

/* Begin PBXVariantGroup section */
		A5DD4EE72551734A00D5FD2D /* Main.storyboard */ = {
			isa = PBXVariantGroup;
			children = (
				A5DD4EE82551734A00D5FD2D /* Base */,
			);
			name = Main.storyboard;
			sourceTree = "<group>";
		};
		A5DD4EEC2551734C00D5FD2D /* LaunchScreen.storyboard */ = {
			isa = PBXVariantGroup;
			children = (
				A5DD4EED2551734C00D5FD2D /* Base */,
			);
			name = LaunchScreen.storyboard;
			sourceTree = "<group>";
		};
/* End PBXVariantGroup section */

/* Begin XCBuildConfiguration section */
		A5DD4EF02551734C00D5FD2D /* Debug */ = {
			isa = XCBuildConfiguration;
			buildSettings = {
				ALWAYS_SEARCH_USER_PATHS = NO;
				CLANG_ANALYZER_NONNULL = YES;
				CLANG_ANALYZER_NUMBER_OBJECT_CONVERSION = YES_AGGRESSIVE;
				CLANG_CXX_LANGUAGE_STANDARD = "gnu++14";
				CLANG_CXX_LIBRARY = "libc++";
				CLANG_ENABLE_MODULES = YES;
				CLANG_ENABLE_OBJC_ARC = YES;
				CLANG_ENABLE_OBJC_WEAK = YES;
				CLANG_WARN_BLOCK_CAPTURE_AUTORELEASING = YES;
				CLANG_WARN_BOOL_CONVERSION = YES;
				CLANG_WARN_COMMA = YES;
				CLANG_WARN_CONSTANT_CONVERSION = YES;
				CLANG_WARN_DEPRECATED_OBJC_IMPLEMENTATIONS = YES;
				CLANG_WARN_DIRECT_OBJC_ISA_USAGE = YES_ERROR;
				CLANG_WARN_DOCUMENTATION_COMMENTS = YES;
				CLANG_WARN_EMPTY_BODY = YES;
				CLANG_WARN_ENUM_CONVERSION = YES;
				CLANG_WARN_INFINITE_RECURSION = YES;
				CLANG_WARN_INT_CONVERSION = YES;
				CLANG_WARN_NON_LITERAL_NULL_CONVERSION = YES;
				CLANG_WARN_OBJC_IMPLICIT_RETAIN_SELF = YES;
				CLANG_WARN_OBJC_LITERAL_CONVERSION = YES;
				CLANG_WARN_OBJC_ROOT_CLASS = YES_ERROR;
				CLANG_WARN_QUOTED_INCLUDE_IN_FRAMEWORK_HEADER = YES;
				CLANG_WARN_RANGE_LOOP_ANALYSIS = YES;
				CLANG_WARN_STRICT_PROTOTYPES = YES;
				CLANG_WARN_SUSPICIOUS_MOVE = YES;
				CLANG_WARN_UNGUARDED_AVAILABILITY = YES_AGGRESSIVE;
				CLANG_WARN_UNREACHABLE_CODE = YES;
				CLANG_WARN__DUPLICATE_METHOD_MATCH = YES;
				COPY_PHASE_STRIP = NO;
				DEBUG_INFORMATION_FORMAT = dwarf;
				ENABLE_STRICT_OBJC_MSGSEND = YES;
				ENABLE_TESTABILITY = YES;
				GCC_C_LANGUAGE_STANDARD = gnu11;
				GCC_DYNAMIC_NO_PIC = NO;
				GCC_NO_COMMON_BLOCKS = YES;
				GCC_OPTIMIZATION_LEVEL = 0;
				GCC_PREPROCESSOR_DEFINITIONS = (
					"DEBUG=1",
					"$(inherited)",
				);
				GCC_WARN_64_TO_32_BIT_CONVERSION = YES;
				GCC_WARN_ABOUT_RETURN_TYPE = YES_ERROR;
				GCC_WARN_UNDECLARED_SELECTOR = YES;
				GCC_WARN_UNINITIALIZED_AUTOS = YES_AGGRESSIVE;
				GCC_WARN_UNUSED_FUNCTION = YES;
				GCC_WARN_UNUSED_VARIABLE = YES;
				IPHONEOS_DEPLOYMENT_TARGET = 13.6;
				MTL_ENABLE_DEBUG_INFO = INCLUDE_SOURCE;
				MTL_FAST_MATH = YES;
				ONLY_ACTIVE_ARCH = YES;
				SDKROOT = iphoneos;
				SWIFT_ACTIVE_COMPILATION_CONDITIONS = DEBUG;
				SWIFT_OPTIMIZATION_LEVEL = "-Onone";
			};
			name = Debug;
		};
		A5DD4EF12551734C00D5FD2D /* Release */ = {
			isa = XCBuildConfiguration;
			buildSettings = {
				ALWAYS_SEARCH_USER_PATHS = NO;
				CLANG_ANALYZER_NONNULL = YES;
				CLANG_ANALYZER_NUMBER_OBJECT_CONVERSION = YES_AGGRESSIVE;
				CLANG_CXX_LANGUAGE_STANDARD = "gnu++14";
				CLANG_CXX_LIBRARY = "libc++";
				CLANG_ENABLE_MODULES = YES;
				CLANG_ENABLE_OBJC_ARC = YES;
				CLANG_ENABLE_OBJC_WEAK = YES;
				CLANG_WARN_BLOCK_CAPTURE_AUTORELEASING = YES;
				CLANG_WARN_BOOL_CONVERSION = YES;
				CLANG_WARN_COMMA = YES;
				CLANG_WARN_CONSTANT_CONVERSION = YES;
				CLANG_WARN_DEPRECATED_OBJC_IMPLEMENTATIONS = YES;
				CLANG_WARN_DIRECT_OBJC_ISA_USAGE = YES_ERROR;
				CLANG_WARN_DOCUMENTATION_COMMENTS = YES;
				CLANG_WARN_EMPTY_BODY = YES;
				CLANG_WARN_ENUM_CONVERSION = YES;
				CLANG_WARN_INFINITE_RECURSION = YES;
				CLANG_WARN_INT_CONVERSION = YES;
				CLANG_WARN_NON_LITERAL_NULL_CONVERSION = YES;
				CLANG_WARN_OBJC_IMPLICIT_RETAIN_SELF = YES;
				CLANG_WARN_OBJC_LITERAL_CONVERSION = YES;
				CLANG_WARN_OBJC_ROOT_CLASS = YES_ERROR;
				CLANG_WARN_QUOTED_INCLUDE_IN_FRAMEWORK_HEADER = YES;
				CLANG_WARN_RANGE_LOOP_ANALYSIS = YES;
				CLANG_WARN_STRICT_PROTOTYPES = YES;
				CLANG_WARN_SUSPICIOUS_MOVE = YES;
				CLANG_WARN_UNGUARDED_AVAILABILITY = YES_AGGRESSIVE;
				CLANG_WARN_UNREACHABLE_CODE = YES;
				CLANG_WARN__DUPLICATE_METHOD_MATCH = YES;
				COPY_PHASE_STRIP = NO;
				DEBUG_INFORMATION_FORMAT = "dwarf-with-dsym";
				ENABLE_NS_ASSERTIONS = NO;
				ENABLE_STRICT_OBJC_MSGSEND = YES;
				GCC_C_LANGUAGE_STANDARD = gnu11;
				GCC_NO_COMMON_BLOCKS = YES;
				GCC_WARN_64_TO_32_BIT_CONVERSION = YES;
				GCC_WARN_ABOUT_RETURN_TYPE = YES_ERROR;
				GCC_WARN_UNDECLARED_SELECTOR = YES;
				GCC_WARN_UNINITIALIZED_AUTOS = YES_AGGRESSIVE;
				GCC_WARN_UNUSED_FUNCTION = YES;
				GCC_WARN_UNUSED_VARIABLE = YES;
				IPHONEOS_DEPLOYMENT_TARGET = 13.6;
				MTL_ENABLE_DEBUG_INFO = NO;
				MTL_FAST_MATH = YES;
				SDKROOT = iphoneos;
				SWIFT_COMPILATION_MODE = wholemodule;
				SWIFT_OPTIMIZATION_LEVEL = "-O";
				VALIDATE_PRODUCT = YES;
			};
			name = Release;
		};
		A5DD4EF32551734C00D5FD2D /* Debug */ = {
			isa = XCBuildConfiguration;
			baseConfigurationReference = 0C62E4FA3F2CFCF166244891 /* Pods-CheckMate.debug.xcconfig */;
			buildSettings = {
				ASSETCATALOG_COMPILER_APPICON_NAME = AppIcon;
				ASSETCATALOG_COMPILER_GLOBAL_ACCENT_COLOR_NAME = AccentColor;
				CODE_SIGN_STYLE = Automatic;
				DEVELOPMENT_TEAM = 6W4MA25Y33;
				INFOPLIST_FILE = CheckMate/Info.plist;
				LD_RUNPATH_SEARCH_PATHS = (
					"$(inherited)",
					"@executable_path/Frameworks",
				);
				PRODUCT_BUNDLE_IDENTIFIER = com.jawaLed.CheckMateApp;
				PRODUCT_NAME = "$(TARGET_NAME)";
				SWIFT_VERSION = 5.0;
				TARGETED_DEVICE_FAMILY = "1,2";
			};
			name = Debug;
		};
		A5DD4EF42551734C00D5FD2D /* Release */ = {
			isa = XCBuildConfiguration;
			baseConfigurationReference = 604FCF48D46D4B954B42493A /* Pods-CheckMate.release.xcconfig */;
			buildSettings = {
				ASSETCATALOG_COMPILER_APPICON_NAME = AppIcon;
				ASSETCATALOG_COMPILER_GLOBAL_ACCENT_COLOR_NAME = AccentColor;
				CODE_SIGN_STYLE = Automatic;
				DEVELOPMENT_TEAM = 6W4MA25Y33;
				INFOPLIST_FILE = CheckMate/Info.plist;
				LD_RUNPATH_SEARCH_PATHS = (
					"$(inherited)",
					"@executable_path/Frameworks",
				);
				PRODUCT_BUNDLE_IDENTIFIER = com.jawaLed.CheckMateApp;
				PRODUCT_NAME = "$(TARGET_NAME)";
				SWIFT_VERSION = 5.0;
				TARGETED_DEVICE_FAMILY = "1,2";
			};
			name = Release;
		};
/* End XCBuildConfiguration section */

/* Begin XCConfigurationList section */
		A5DD4ED92551734A00D5FD2D /* Build configuration list for PBXProject "CheckMate" */ = {
			isa = XCConfigurationList;
			buildConfigurations = (
				A5DD4EF02551734C00D5FD2D /* Debug */,
				A5DD4EF12551734C00D5FD2D /* Release */,
			);
			defaultConfigurationIsVisible = 0;
			defaultConfigurationName = Release;
		};
		A5DD4EF22551734C00D5FD2D /* Build configuration list for PBXNativeTarget "CheckMate" */ = {
			isa = XCConfigurationList;
			buildConfigurations = (
				A5DD4EF32551734C00D5FD2D /* Debug */,
				A5DD4EF42551734C00D5FD2D /* Release */,
			);
			defaultConfigurationIsVisible = 0;
			defaultConfigurationName = Release;
		};
/* End XCConfigurationList section */
	};
	rootObject = A5DD4ED62551734A00D5FD2D /* Project object */;
}
